
Microsoft Visual Studio Solution File, Format Version 12.00
# Visual Studio 15
VisualStudioVersion = 15.0.27703.2042
MinimumVisualStudioVersion = 10.0.40219.1
Project("{FAE04EC0-301F-11D3-BF4B-00C04F79EFBC}") = "StateGroup", "StateGroup\StateGroup.csproj", "{ABF9D3B6-3719-4908-B06F-8162CBF253D2}"
EndProject
Project("{E53339B2-1760-4266-BCC7-CA923CBCF16C}") = "docker-compose", "docker-compose.dcproj", "{BD14F04C-E06A-4B62-AEA9-76D4DC0EBBA0}"
EndProject
Project("{FAE04EC0-301F-11D3-BF4B-00C04F79EFBC}") = "StateGroup.Test", "StateGroup.Test\StateGroup.Test.csproj", "{A375CEED-5041-4CD5-9F31-B365A23C35FF}"
EndProject
Global
	GlobalSection(SolutionConfigurationPlatforms) = preSolution
		Debug|Any CPU = Debug|Any CPU
		Release|Any CPU = Release|Any CPU
	EndGlobalSection
	GlobalSection(ProjectConfigurationPlatforms) = postSolution
		{ABF9D3B6-3719-4908-B06F-8162CBF253D2}.Debug|Any CPU.ActiveCfg = Debug|Any CPU
		{ABF9D3B6-3719-4908-B06F-8162CBF253D2}.Debug|Any CPU.Build.0 = Debug|Any CPU
		{ABF9D3B6-3719-4908-B06F-8162CBF253D2}.Release|Any CPU.ActiveCfg = Release|Any CPU
		{ABF9D3B6-3719-4908-B06F-8162CBF253D2}.Release|Any CPU.Build.0 = Release|Any CPU
		{BD14F04C-E06A-4B62-AEA9-76D4DC0EBBA0}.Debug|Any CPU.ActiveCfg = Debug|Any CPU
		{BD14F04C-E06A-4B62-AEA9-76D4DC0EBBA0}.Debug|Any CPU.Build.0 = Debug|Any CPU
		{BD14F04C-E06A-4B62-AEA9-76D4DC0EBBA0}.Release|Any CPU.ActiveCfg = Release|Any CPU
		{BD14F04C-E06A-4B62-AEA9-76D4DC0EBBA0}.Release|Any CPU.Build.0 = Release|Any CPU
		{A375CEED-5041-4CD5-9F31-B365A23C35FF}.Debug|Any CPU.ActiveCfg = Debug|Any CPU
		{A375CEED-5041-4CD5-9F31-B365A23C35FF}.Debug|Any CPU.Build.0 = Debug|Any CPU
		{A375CEED-5041-4CD5-9F31-B365A23C35FF}.Release|Any CPU.ActiveCfg = Release|Any CPU
		{A375CEED-5041-4CD5-9F31-B365A23C35FF}.Release|Any CPU.Build.0 = Release|Any CPU
	EndGlobalSection
	GlobalSection(SolutionProperties) = preSolution
		HideSolutionNode = FALSE
	EndGlobalSection
	GlobalSection(ExtensibilityGlobals) = postSolution
		SolutionGuid = {5196430C-D65C-4F78-97E4-37038AA311A4}
	EndGlobalSection
EndGlobal
